
Microsoft Visual Studio Solution File, Format Version 12.00
# Visual Studio Version 17
VisualStudioVersion = 17.1.32228.430
MinimumVisualStudioVersion = 10.0.40219.1
Project("{FAE04EC0-301F-11D3-BF4B-00C04F79EFBC}") = "ClassesExercise", "ClassesExercise\ClassesExercise.csproj", "{0478FA1A-4BAB-4EB8-B588-1AE811562AF0}"
EndProject
Global
	GlobalSection(SolutionConfigurationPlatforms) = preSolution
		Debug|Any CPU = Debug|Any CPU
		Release|Any CPU = Release|Any CPU
	EndGlobalSection
	GlobalSection(ProjectConfigurationPlatforms) = postSolution
		{0478FA1A-4BAB-4EB8-B588-1AE811562AF0}.Debug|Any CPU.ActiveCfg = Debug|Any CPU
		{0478FA1A-4BAB-4EB8-B588-1AE811562AF0}.Debug|Any CPU.Build.0 = Debug|Any CPU
		{0478FA1A-4BAB-4EB8-B588-1AE811562AF0}.Release|Any CPU.ActiveCfg = Release|Any CPU
		{0478FA1A-4BAB-4EB8-B588-1AE811562AF0}.Release|Any CPU.Build.0 = Release|Any CPU
	EndGlobalSection
	GlobalSection(SolutionProperties) = preSolution
		HideSolutionNode = FALSE
	EndGlobalSection
	GlobalSection(ExtensibilityGlobals) = postSolution
		SolutionGuid = {AF8FE0A8-53A2-4545-9BCF-D56EB52F4B50}
	EndGlobalSection
EndGlobal
